
Microsoft Visual Studio Solution File, Format Version 11.00
# Visual Studio 2010
Project("{8BC9CEB8-8B4A-11D0-8D11-00A0C91BC942}") = "Defectoscope", "Units\Defectoscope\Defectoscope.vcxproj", "{1F4D6512-4BE3-40DE-A5FE-74CC71D51F3E}"
EndProject
Project("{8BC9CEB8-8B4A-11D0-8D11-00A0C91BC942}") = "debug_panel_new", "Units\debug_panel_new\debug_panel_new.vcxproj", "{2BE3A027-9834-461B-8268-D69DA3747AC9}"
EndProject
Project("{8BC9CEB8-8B4A-11D0-8D11-00A0C91BC942}") = "DefectoscopeMessages", "Units\DefectoscopeMessages\Messages.vcxproj", "{1905CD7B-4775-4D79-ADC9-A24266EB457F}"
EndProject
Project("{2150E333-8FDC-42A3-9474-1A3956D46DE8}") = "Test", "Test", "{830F7471-9313-4AF6-AEEA-93BA5896AF45}"
EndProject
Project("{FAE04EC0-301F-11D3-BF4B-00C04F79EFBC}") = "Protocols", "Protocols\Protocols\Protocols.csproj", "{DF253559-2BF7-4A56-A54E-4E40E0BEDF11}"
EndProject
Project("{8BC9CEB8-8B4A-11D0-8D11-00A0C91BC942}") = "RunUSPC", "Units\RunUSPC\RunUSPC.vcxproj", "{22C34622-1811-466E-A115-AD6265236186}"
EndProject
Project("{8BC9CEB8-8B4A-11D0-8D11-00A0C91BC942}") = "Defect", "Units\Defect\Defect.vcxproj", "{5C38322E-3EE6-4BE5-8ED9-4BC3067BC280}"
EndProject
Project("{8BC9CEB8-8B4A-11D0-8D11-00A0C91BC942}") = "Viewer", "Units\Viewer\Viewer.vcxproj", "{DAA03915-410A-48B4-A948-8F9F5868C0EB}"
EndProject
Project("{8BC9CEB8-8B4A-11D0-8D11-00A0C91BC942}") = "service", "Units\StartStopService\service\service.vcxproj", "{C4854E04-706F-4304-B9EB-D2FB7DF07BE5}"
EndProject
Project("{8BC9CEB8-8B4A-11D0-8D11-00A0C91BC942}") = "Client", "Units\StartStopService\Client\Client.vcxproj", "{C5BEC5E8-266C-42FF-94B8-D98072ACA1CE}"
EndProject
Project("{2150E333-8FDC-42A3-9474-1A3956D46DE8}") = "Communication", "Communication", "{B2D84840-079F-410F-A56C-58054E87698F}"
EndProject
Project("{8BC9CEB8-8B4A-11D0-8D11-00A0C91BC942}") = "test", "Tests\Test0\test\test.vcxproj", "{49EB4FF0-7207-4AC8-B618-3F0F49C15773}"
EndProject
Project("{8BC9CEB8-8B4A-11D0-8D11-00A0C91BC942}") = "Viewer", "Tests\Viewer\Viewer.vcxproj", "{9900F53F-3C28-452C-878B-E539BF975A34}"
EndProject
Global
	GlobalSection(SolutionConfigurationPlatforms) = preSolution
		Debug|Any CPU = Debug|Any CPU
		Debug|Mixed Platforms = Debug|Mixed Platforms
		Debug|Win32 = Debug|Win32
		Debug|x64 = Debug|x64
		Debug|x86 = Debug|x86
		Release|Any CPU = Release|Any CPU
		Release|Mixed Platforms = Release|Mixed Platforms
		Release|Win32 = Release|Win32
		Release|x64 = Release|x64
		Release|x86 = Release|x86
	EndGlobalSection
	GlobalSection(ProjectConfigurationPlatforms) = postSolution
		{1F4D6512-4BE3-40DE-A5FE-74CC71D51F3E}.Debug|Any CPU.ActiveCfg = Debug|Win32
		{1F4D6512-4BE3-40DE-A5FE-74CC71D51F3E}.Debug|Mixed Platforms.ActiveCfg = Debug|Win32
		{1F4D6512-4BE3-40DE-A5FE-74CC71D51F3E}.Debug|Mixed Platforms.Build.0 = Debug|Win32
		{1F4D6512-4BE3-40DE-A5FE-74CC71D51F3E}.Debug|Win32.ActiveCfg = Debug|Win32
		{1F4D6512-4BE3-40DE-A5FE-74CC71D51F3E}.Debug|Win32.Build.0 = Debug|Win32
		{1F4D6512-4BE3-40DE-A5FE-74CC71D51F3E}.Debug|x64.ActiveCfg = Debug|Win32
		{1F4D6512-4BE3-40DE-A5FE-74CC71D51F3E}.Debug|x86.ActiveCfg = Debug|Win32
		{1F4D6512-4BE3-40DE-A5FE-74CC71D51F3E}.Release|Any CPU.ActiveCfg = Release|Win32
		{1F4D6512-4BE3-40DE-A5FE-74CC71D51F3E}.Release|Mixed Platforms.ActiveCfg = Release|Win32
		{1F4D6512-4BE3-40DE-A5FE-74CC71D51F3E}.Release|Mixed Platforms.Build.0 = Release|Win32
		{1F4D6512-4BE3-40DE-A5FE-74CC71D51F3E}.Release|Win32.ActiveCfg = Release|Win32
		{1F4D6512-4BE3-40DE-A5FE-74CC71D51F3E}.Release|Win32.Build.0 = Release|Win32
		{1F4D6512-4BE3-40DE-A5FE-74CC71D51F3E}.Release|x64.ActiveCfg = Release|Win32
		{1F4D6512-4BE3-40DE-A5FE-74CC71D51F3E}.Release|x86.ActiveCfg = Release|Win32
		{2BE3A027-9834-461B-8268-D69DA3747AC9}.Debug|Any CPU.ActiveCfg = Debug|Win32
		{2BE3A027-9834-461B-8268-D69DA3747AC9}.Debug|Mixed Platforms.ActiveCfg = Debug|Win32
		{2BE3A027-9834-461B-8268-D69DA3747AC9}.Debug|Win32.ActiveCfg = Debug|Win32
		{2BE3A027-9834-461B-8268-D69DA3747AC9}.Debug|Win32.Build.0 = Debug|Win32
		{2BE3A027-9834-461B-8268-D69DA3747AC9}.Debug|x64.ActiveCfg = Debug|Win32
		{2BE3A027-9834-461B-8268-D69DA3747AC9}.Debug|x86.ActiveCfg = Debug|Win32
		{2BE3A027-9834-461B-8268-D69DA3747AC9}.Release|Any CPU.ActiveCfg = Release|Win32
		{2BE3A027-9834-461B-8268-D69DA3747AC9}.Release|Mixed Platforms.ActiveCfg = Release|Win32
		{2BE3A027-9834-461B-8268-D69DA3747AC9}.Release|Win32.ActiveCfg = Release|Win32
		{2BE3A027-9834-461B-8268-D69DA3747AC9}.Release|Win32.Build.0 = Release|Win32
		{2BE3A027-9834-461B-8268-D69DA3747AC9}.Release|x64.ActiveCfg = Release|Win32
		{2BE3A027-9834-461B-8268-D69DA3747AC9}.Release|x86.ActiveCfg = Release|Win32
		{1905CD7B-4775-4D79-ADC9-A24266EB457F}.Debug|Any CPU.ActiveCfg = Debug|Win32
		{1905CD7B-4775-4D79-ADC9-A24266EB457F}.Debug|Mixed Platforms.ActiveCfg = Debug|Win32
		{1905CD7B-4775-4D79-ADC9-A24266EB457F}.Debug|Win32.ActiveCfg = Debug|Win32
		{1905CD7B-4775-4D79-ADC9-A24266EB457F}.Debug|Win32.Build.0 = Debug|Win32
		{1905CD7B-4775-4D79-ADC9-A24266EB457F}.Debug|x64.ActiveCfg = Debug|Win32
		{1905CD7B-4775-4D79-ADC9-A24266EB457F}.Debug|x86.ActiveCfg = Debug|Win32
		{1905CD7B-4775-4D79-ADC9-A24266EB457F}.Release|Any CPU.ActiveCfg = Release|Win32
		{1905CD7B-4775-4D79-ADC9-A24266EB457F}.Release|Mixed Platforms.ActiveCfg = Release|Win32
		{1905CD7B-4775-4D79-ADC9-A24266EB457F}.Release|Win32.ActiveCfg = Release|Win32
		{1905CD7B-4775-4D79-ADC9-A24266EB457F}.Release|Win32.Build.0 = Release|Win32
		{1905CD7B-4775-4D79-ADC9-A24266EB457F}.Release|x64.ActiveCfg = Release|Win32
		{1905CD7B-4775-4D79-ADC9-A24266EB457F}.Release|x86.ActiveCfg = Release|Win32
		{DF253559-2BF7-4A56-A54E-4E40E0BEDF11}.Debug|Any CPU.ActiveCfg = Debug|x86
		{DF253559-2BF7-4A56-A54E-4E40E0BEDF11}.Debug|Mixed Platforms.ActiveCfg = Debug|x86
		{DF253559-2BF7-4A56-A54E-4E40E0BEDF11}.Debug|Mixed Platforms.Build.0 = Debug|x86
		{DF253559-2BF7-4A56-A54E-4E40E0BEDF11}.Debug|Win32.ActiveCfg = Debug|x86
		{DF253559-2BF7-4A56-A54E-4E40E0BEDF11}.Debug|x64.ActiveCfg = Debug|x86
		{DF253559-2BF7-4A56-A54E-4E40E0BEDF11}.Debug|x86.ActiveCfg = Debug|x86
		{DF253559-2BF7-4A56-A54E-4E40E0BEDF11}.Debug|x86.Build.0 = Debug|x86
		{DF253559-2BF7-4A56-A54E-4E40E0BEDF11}.Release|Any CPU.ActiveCfg = Release|x86
		{DF253559-2BF7-4A56-A54E-4E40E0BEDF11}.Release|Mixed Platforms.ActiveCfg = Release|x86
		{DF253559-2BF7-4A56-A54E-4E40E0BEDF11}.Release|Mixed Platforms.Build.0 = Release|x86
		{DF253559-2BF7-4A56-A54E-4E40E0BEDF11}.Release|Win32.ActiveCfg = Release|x86
		{DF253559-2BF7-4A56-A54E-4E40E0BEDF11}.Release|x64.ActiveCfg = Release|x86
		{DF253559-2BF7-4A56-A54E-4E40E0BEDF11}.Release|x86.ActiveCfg = Release|x86
		{DF253559-2BF7-4A56-A54E-4E40E0BEDF11}.Release|x86.Build.0 = Release|x86
		{22C34622-1811-466E-A115-AD6265236186}.Debug|Any CPU.ActiveCfg = Debug|Win32
		{22C34622-1811-466E-A115-AD6265236186}.Debug|Mixed Platforms.ActiveCfg = Debug|Win32
		{22C34622-1811-466E-A115-AD6265236186}.Debug|Mixed Platforms.Build.0 = Debug|Win32
		{22C34622-1811-466E-A115-AD6265236186}.Debug|Win32.ActiveCfg = Debug|Win32
		{22C34622-1811-466E-A115-AD6265236186}.Debug|Win32.Build.0 = Debug|Win32
		{22C34622-1811-466E-A115-AD6265236186}.Debug|x64.ActiveCfg = Debug|Win32
		{22C34622-1811-466E-A115-AD6265236186}.Debug|x86.ActiveCfg = Debug|Win32
		{22C34622-1811-466E-A115-AD6265236186}.Release|Any CPU.ActiveCfg = Release|Win32
		{22C34622-1811-466E-A115-AD6265236186}.Release|Mixed Platforms.ActiveCfg = Release|Win32
		{22C34622-1811-466E-A115-AD6265236186}.Release|Mixed Platforms.Build.0 = Release|Win32
		{22C34622-1811-466E-A115-AD6265236186}.Release|Win32.ActiveCfg = Release|Win32
		{22C34622-1811-466E-A115-AD6265236186}.Release|Win32.Build.0 = Release|Win32
		{22C34622-1811-466E-A115-AD6265236186}.Release|x64.ActiveCfg = Release|Win32
		{22C34622-1811-466E-A115-AD6265236186}.Release|x86.ActiveCfg = Release|Win32
		{5C38322E-3EE6-4BE5-8ED9-4BC3067BC280}.Debug|Any CPU.ActiveCfg = Debug|Win32
		{5C38322E-3EE6-4BE5-8ED9-4BC3067BC280}.Debug|Mixed Platforms.ActiveCfg = Debug|Win32
		{5C38322E-3EE6-4BE5-8ED9-4BC3067BC280}.Debug|Mixed Platforms.Build.0 = Debug|Win32
		{5C38322E-3EE6-4BE5-8ED9-4BC3067BC280}.Debug|Win32.ActiveCfg = Debug|Win32
		{5C38322E-3EE6-4BE5-8ED9-4BC3067BC280}.Debug|Win32.Build.0 = Debug|Win32
		{5C38322E-3EE6-4BE5-8ED9-4BC3067BC280}.Debug|x64.ActiveCfg = Debug|x64
		{5C38322E-3EE6-4BE5-8ED9-4BC3067BC280}.Debug|x64.Build.0 = Debug|x64
		{5C38322E-3EE6-4BE5-8ED9-4BC3067BC280}.Debug|x86.ActiveCfg = Debug|Win32
		{5C38322E-3EE6-4BE5-8ED9-4BC3067BC280}.Release|Any CPU.ActiveCfg = Release|Win32
		{5C38322E-3EE6-4BE5-8ED9-4BC3067BC280}.Release|Mixed Platforms.ActiveCfg = Release|Win32
		{5C38322E-3EE6-4BE5-8ED9-4BC3067BC280}.Release|Mixed Platforms.Build.0 = Release|Win32
		{5C38322E-3EE6-4BE5-8ED9-4BC3067BC280}.Release|Win32.ActiveCfg = Release|Win32
		{5C38322E-3EE6-4BE5-8ED9-4BC3067BC280}.Release|Win32.Build.0 = Release|Win32
		{5C38322E-3EE6-4BE5-8ED9-4BC3067BC280}.Release|x64.ActiveCfg = Release|x64
		{5C38322E-3EE6-4BE5-8ED9-4BC3067BC280}.Release|x64.Build.0 = Release|x64
		{5C38322E-3EE6-4BE5-8ED9-4BC3067BC280}.Release|x86.ActiveCfg = Release|Win32
		{DAA03915-410A-48B4-A948-8F9F5868C0EB}.Debug|Any CPU.ActiveCfg = Debug|Win32
		{DAA03915-410A-48B4-A948-8F9F5868C0EB}.Debug|Mixed Platforms.ActiveCfg = Debug|Win32
		{DAA03915-410A-48B4-A948-8F9F5868C0EB}.Debug|Mixed Platforms.Build.0 = Debug|Win32
		{DAA03915-410A-48B4-A948-8F9F5868C0EB}.Debug|Win32.ActiveCfg = Debug|Win32
		{DAA03915-410A-48B4-A948-8F9F5868C0EB}.Debug|Win32.Build.0 = Debug|Win32
		{DAA03915-410A-48B4-A948-8F9F5868C0EB}.Debug|x64.ActiveCfg = Debug|Win32
		{DAA03915-410A-48B4-A948-8F9F5868C0EB}.Debug|x86.ActiveCfg = Debug|Win32
		{DAA03915-410A-48B4-A948-8F9F5868C0EB}.Release|Any CPU.ActiveCfg = Release|Win32
		{DAA03915-410A-48B4-A948-8F9F5868C0EB}.Release|Mixed Platforms.ActiveCfg = Release|Win32
		{DAA03915-410A-48B4-A948-8F9F5868C0EB}.Release|Mixed Platforms.Build.0 = Release|Win32
		{DAA03915-410A-48B4-A948-8F9F5868C0EB}.Release|Win32.ActiveCfg = Release|Win32
		{DAA03915-410A-48B4-A948-8F9F5868C0EB}.Release|Win32.Build.0 = Release|Win32
		{DAA03915-410A-48B4-A948-8F9F5868C0EB}.Release|x64.ActiveCfg = Release|Win32
		{DAA03915-410A-48B4-A948-8F9F5868C0EB}.Release|x86.ActiveCfg = Release|Win32
		{C4854E04-706F-4304-B9EB-D2FB7DF07BE5}.Debug|Any CPU.ActiveCfg = Debug|Win32
		{C4854E04-706F-4304-B9EB-D2FB7DF07BE5}.Debug|Mixed Platforms.ActiveCfg = Debug|Win32
		{C4854E04-706F-4304-B9EB-D2FB7DF07BE5}.Debug|Mixed Platforms.Build.0 = Debug|Win32
		{C4854E04-706F-4304-B9EB-D2FB7DF07BE5}.Debug|Win32.ActiveCfg = Debug|Win32
		{C4854E04-706F-4304-B9EB-D2FB7DF07BE5}.Debug|Win32.Build.0 = Debug|Win32
		{C4854E04-706F-4304-B9EB-D2FB7DF07BE5}.Debug|x64.ActiveCfg = Debug|Win32
		{C4854E04-706F-4304-B9EB-D2FB7DF07BE5}.Debug|x86.ActiveCfg = Debug|Win32
		{C4854E04-706F-4304-B9EB-D2FB7DF07BE5}.Release|Any CPU.ActiveCfg = Release|Win32
		{C4854E04-706F-4304-B9EB-D2FB7DF07BE5}.Release|Mixed Platforms.ActiveCfg = Release|Win32
		{C4854E04-706F-4304-B9EB-D2FB7DF07BE5}.Release|Mixed Platforms.Build.0 = Release|Win32
		{C4854E04-706F-4304-B9EB-D2FB7DF07BE5}.Release|Win32.ActiveCfg = Release|Win32
		{C4854E04-706F-4304-B9EB-D2FB7DF07BE5}.Release|Win32.Build.0 = Release|Win32
		{C4854E04-706F-4304-B9EB-D2FB7DF07BE5}.Release|x64.ActiveCfg = Release|Win32
		{C4854E04-706F-4304-B9EB-D2FB7DF07BE5}.Release|x86.ActiveCfg = Release|Win32
		{C5BEC5E8-266C-42FF-94B8-D98072ACA1CE}.Debug|Any CPU.ActiveCfg = Debug|Win32
		{C5BEC5E8-266C-42FF-94B8-D98072ACA1CE}.Debug|Mixed Platforms.ActiveCfg = Debug|Win32
		{C5BEC5E8-266C-42FF-94B8-D98072ACA1CE}.Debug|Mixed Platforms.Build.0 = Debug|Win32
		{C5BEC5E8-266C-42FF-94B8-D98072ACA1CE}.Debug|Win32.ActiveCfg = Debug|Win32
		{C5BEC5E8-266C-42FF-94B8-D98072ACA1CE}.Debug|Win32.Build.0 = Debug|Win32
		{C5BEC5E8-266C-42FF-94B8-D98072ACA1CE}.Debug|x64.ActiveCfg = Debug|Win32
		{C5BEC5E8-266C-42FF-94B8-D98072ACA1CE}.Debug|x86.ActiveCfg = Debug|Win32
		{C5BEC5E8-266C-42FF-94B8-D98072ACA1CE}.Release|Any CPU.ActiveCfg = Release|Win32
		{C5BEC5E8-266C-42FF-94B8-D98072ACA1CE}.Release|Mixed Platforms.ActiveCfg = Release|Win32
		{C5BEC5E8-266C-42FF-94B8-D98072ACA1CE}.Release|Mixed Platforms.Build.0 = Release|Win32
		{C5BEC5E8-266C-42FF-94B8-D98072ACA1CE}.Release|Win32.ActiveCfg = Release|Win32
		{C5BEC5E8-266C-42FF-94B8-D98072ACA1CE}.Release|Win32.Build.0 = Release|Win32
		{C5BEC5E8-266C-42FF-94B8-D98072ACA1CE}.Release|x64.ActiveCfg = Release|Win32
		{C5BEC5E8-266C-42FF-94B8-D98072ACA1CE}.Release|x86.ActiveCfg = Release|Win32
		{49EB4FF0-7207-4AC8-B618-3F0F49C15773}.Debug|Any CPU.ActiveCfg = Debug|Win32
		{49EB4FF0-7207-4AC8-B618-3F0F49C15773}.Debug|Mixed Platforms.ActiveCfg = Debug|Win32
		{49EB4FF0-7207-4AC8-B618-3F0F49C15773}.Debug|Mixed Platforms.Build.0 = Debug|Win32
		{49EB4FF0-7207-4AC8-B618-3F0F49C15773}.Debug|Win32.ActiveCfg = Debug|Win32
		{49EB4FF0-7207-4AC8-B618-3F0F49C15773}.Debug|Win32.Build.0 = Debug|Win32
		{49EB4FF0-7207-4AC8-B618-3F0F49C15773}.Debug|x64.ActiveCfg = Debug|Win32
		{49EB4FF0-7207-4AC8-B618-3F0F49C15773}.Debug|x86.ActiveCfg = Debug|Win32
		{49EB4FF0-7207-4AC8-B618-3F0F49C15773}.Release|Any CPU.ActiveCfg = Release|Win32
		{49EB4FF0-7207-4AC8-B618-3F0F49C15773}.Release|Mixed Platforms.ActiveCfg = Release|Win32
		{49EB4FF0-7207-4AC8-B618-3F0F49C15773}.Release|Mixed Platforms.Build.0 = Release|Win32
		{49EB4FF0-7207-4AC8-B618-3F0F49C15773}.Release|Win32.ActiveCfg = Release|Win32
		{49EB4FF0-7207-4AC8-B618-3F0F49C15773}.Release|Win32.Build.0 = Release|Win32
		{49EB4FF0-7207-4AC8-B618-3F0F49C15773}.Release|x64.ActiveCfg = Release|Win32
		{49EB4FF0-7207-4AC8-B618-3F0F49C15773}.Release|x86.ActiveCfg = Release|Win32
		{9900F53F-3C28-452C-878B-E539BF975A34}.Debug|Any CPU.ActiveCfg = Debug|Win32
		{9900F53F-3C28-452C-878B-E539BF975A34}.Debug|Mixed Platforms.ActiveCfg = Debug|Win32
		{9900F53F-3C28-452C-878B-E539BF975A34}.Debug|Mixed Platforms.Build.0 = Debug|Win32
		{9900F53F-3C28-452C-878B-E539BF975A34}.Debug|Win32.ActiveCfg = Debug|Win32
		{9900F53F-3C28-452C-878B-E539BF975A34}.Debug|Win32.Build.0 = Debug|Win32
		{9900F53F-3C28-452C-878B-E539BF975A34}.Debug|x64.ActiveCfg = Debug|Win32
		{9900F53F-3C28-452C-878B-E539BF975A34}.Debug|x86.ActiveCfg = Debug|Win32
		{9900F53F-3C28-452C-878B-E539BF975A34}.Release|Any CPU.ActiveCfg = Release|Win32
		{9900F53F-3C28-452C-878B-E539BF975A34}.Release|Mixed Platforms.ActiveCfg = Release|Win32
		{9900F53F-3C28-452C-878B-E539BF975A34}.Release|Mixed Platforms.Build.0 = Release|Win32
		{9900F53F-3C28-452C-878B-E539BF975A34}.Release|Win32.ActiveCfg = Release|Win32
		{9900F53F-3C28-452C-878B-E539BF975A34}.Release|Win32.Build.0 = Release|Win32
		{9900F53F-3C28-452C-878B-E539BF975A34}.Release|x64.ActiveCfg = Release|Win32
		{9900F53F-3C28-452C-878B-E539BF975A34}.Release|x86.ActiveCfg = Release|Win32
	EndGlobalSection
	GlobalSection(SolutionProperties) = preSolution
		HideSolutionNode = FALSE
	EndGlobalSection
	GlobalSection(NestedProjects) = preSolution
		{49EB4FF0-7207-4AC8-B618-3F0F49C15773} = {830F7471-9313-4AF6-AEEA-93BA5896AF45}
		{9900F53F-3C28-452C-878B-E539BF975A34} = {830F7471-9313-4AF6-AEEA-93BA5896AF45}
		{C5BEC5E8-266C-42FF-94B8-D98072ACA1CE} = {B2D84840-079F-410F-A56C-58054E87698F}
		{C4854E04-706F-4304-B9EB-D2FB7DF07BE5} = {B2D84840-079F-410F-A56C-58054E87698F}
	EndGlobalSection
EndGlobal
