
Microsoft Visual Studio Solution File, Format Version 11.00
# Visual Studio 2010
Project("{8BC9CEB8-8B4A-11D0-8D11-00A0C91BC942}") = "Defectoscope", "Units\Defectoscope\Defectoscope.vcxproj", "{1F4D6512-4BE3-40DE-A5FE-74CC71D51F3E}"
EndProject
Project("{8BC9CEB8-8B4A-11D0-8D11-00A0C91BC942}") = "debug_panel_new", "Units\debug_panel_new\debug_panel_new.vcxproj", "{2BE3A027-9834-461B-8268-D69DA3747AC9}"
EndProject
Project("{8BC9CEB8-8B4A-11D0-8D11-00A0C91BC942}") = "DefectoscopeMessages", "Units\DefectoscopeMessages\Messages.vcxproj", "{1905CD7B-4775-4D79-ADC9-A24266EB457F}"
EndProject
Project("{2150E333-8FDC-42A3-9474-1A3956D46DE8}") = "Test", "Test", "{830F7471-9313-4AF6-AEEA-93BA5896AF45}"
EndProject
Project("{8BC9CEB8-8B4A-11D0-8D11-00A0C91BC942}") = "TEST_MessageText", "Tests\TEST_MessageText\TEST_MessageText.vcxproj", "{65B50ED7-1579-4801-9FFC-383980D44ABF}"
EndProject
Project("{8BC9CEB8-8B4A-11D0-8D11-00A0C91BC942}") = "Test_Base", "Tests\Test_Base\Test_Base.vcxproj", "{E358E192-EA9D-4306-A0A0-31F5B2F4E0D2}"
EndProject
Project("{8BC9CEB8-8B4A-11D0-8D11-00A0C91BC942}") = "Test_Base1", "Tests\Test_Base1\Test_Base1.vcxproj", "{820D1053-8411-46C0-B7DE-9EA598C5248E}"
EndProject
Project("{8BC9CEB8-8B4A-11D0-8D11-00A0C91BC942}") = "classLib", "Tests\classLib\classLib.vcxproj", "{5E68F1F2-26D2-49FA-B9CD-D985CF729A1D}"
EndProject
Project("{FAE04EC0-301F-11D3-BF4B-00C04F79EFBC}") = "CSharpToCpp", "Tests\CSharpToCpp\CSharpToCpp.csproj", "{62BABC38-0BA3-4668-84F5-5AA00548ABEA}"
EndProject
Project("{8BC9CEB8-8B4A-11D0-8D11-00A0C91BC942}") = "ProcessRun", "Tests\ProcessRun\ProcessRun.vcxproj", "{E2CA26BD-9467-4FF5-84C9-47A28A524FB2}"
EndProject
Project("{FAE04EC0-301F-11D3-BF4B-00C04F79EFBC}") = "Protocols", "Protocols\Protocols\Protocols.csproj", "{DF253559-2BF7-4A56-A54E-4E40E0BEDF11}"
EndProject
Project("{8BC9CEB8-8B4A-11D0-8D11-00A0C91BC942}") = "logUSPC", "Tests\logUSPC\logUSPC.vcxproj", "{A99A0885-8CB0-4668-BE18-FFE85481244D}"
EndProject
Project("{8BC9CEB8-8B4A-11D0-8D11-00A0C91BC942}") = "testUSPS", "Tests\testUSPS\testUSPS.vcxproj", "{F19F7288-3321-42FB-9869-88CE6D54330A}"
EndProject
Project("{8BC9CEB8-8B4A-11D0-8D11-00A0C91BC942}") = "DataStored", "Tests\DataStored\DataStored.vcxproj", "{DBA4485B-74B3-4021-B166-839FFF58EB17}"
EndProject
Project("{8BC9CEB8-8B4A-11D0-8D11-00A0C91BC942}") = "testLog", "testa\testLog\testLog.vcxproj", "{D673DE74-EAC6-45B3-9982-2E8F3B093259}"
EndProject
Project("{8BC9CEB8-8B4A-11D0-8D11-00A0C91BC942}") = "MedianFiltreTest", "Tests\MedianFiltreTest\MedianFiltreTest.vcxproj", "{F3D46587-61FE-4E44-B6F7-1C888BC7BCC7}"
EndProject
Project("{8BC9CEB8-8B4A-11D0-8D11-00A0C91BC942}") = "RunUSPC", "Units\RunUSPC\RunUSPC.vcxproj", "{22C34622-1811-466E-A115-AD6265236186}"
EndProject
Project("{8BC9CEB8-8B4A-11D0-8D11-00A0C91BC942}") = "Animation", "Tests\Animation\Animation.vcxproj", "{91A98D24-FD0D-49C6-AD3F-D24AEDBEB9B2}"
EndProject
Project("{8BC9CEB8-8B4A-11D0-8D11-00A0C91BC942}") = "TestZip", "Tests\TestZip\TestZip.vcxproj", "{57785667-30F0-4AF6-B250-2311A025DE90}"
EndProject
Project("{FAE04EC0-301F-11D3-BF4B-00C04F79EFBC}") = "TestXML", "Tests\TestXML\TestXML.csproj", "{150A571E-7E90-4EC3-B80D-085EBA54599C}"
EndProject
Project("{8BC9CEB8-8B4A-11D0-8D11-00A0C91BC942}") = "Defect", "Units\Defect\Defect.vcxproj", "{5C38322E-3EE6-4BE5-8ED9-4BC3067BC280}"
EndProject
Project("{8BC9CEB8-8B4A-11D0-8D11-00A0C91BC942}") = "Viewer", "Units\Viewer\Viewer.vcxproj", "{DAA03915-410A-48B4-A948-8F9F5868C0EB}"
EndProject
Project("{8BC9CEB8-8B4A-11D0-8D11-00A0C91BC942}") = "usfile", "Tests\usfile\usfile.vcxproj", "{C1529640-91B3-4D1C-ADD7-2EEC0FE4D78B}"
EndProject
Project("{8BC9CEB8-8B4A-11D0-8D11-00A0C91BC942}") = "service", "Units\StartStopService\service\service.vcxproj", "{C4854E04-706F-4304-B9EB-D2FB7DF07BE5}"
EndProject
Project("{8BC9CEB8-8B4A-11D0-8D11-00A0C91BC942}") = "Client", "Units\StartStopService\Client\Client.vcxproj", "{C5BEC5E8-266C-42FF-94B8-D98072ACA1CE}"
EndProject
Project("{2150E333-8FDC-42A3-9474-1A3956D46DE8}") = "Communication", "Communication", "{B2D84840-079F-410F-A56C-58054E87698F}"
EndProject
Global
	GlobalSection(SolutionConfigurationPlatforms) = preSolution
		Debug|Any CPU = Debug|Any CPU
		Debug|Mixed Platforms = Debug|Mixed Platforms
		Debug|Win32 = Debug|Win32
		Debug|x64 = Debug|x64
		Debug|x86 = Debug|x86
		Release|Any CPU = Release|Any CPU
		Release|Mixed Platforms = Release|Mixed Platforms
		Release|Win32 = Release|Win32
		Release|x64 = Release|x64
		Release|x86 = Release|x86
	EndGlobalSection
	GlobalSection(ProjectConfigurationPlatforms) = postSolution
		{1F4D6512-4BE3-40DE-A5FE-74CC71D51F3E}.Debug|Any CPU.ActiveCfg = Debug|Win32
		{1F4D6512-4BE3-40DE-A5FE-74CC71D51F3E}.Debug|Mixed Platforms.ActiveCfg = Debug|Win32
		{1F4D6512-4BE3-40DE-A5FE-74CC71D51F3E}.Debug|Mixed Platforms.Build.0 = Debug|Win32
		{1F4D6512-4BE3-40DE-A5FE-74CC71D51F3E}.Debug|Win32.ActiveCfg = Debug|Win32
		{1F4D6512-4BE3-40DE-A5FE-74CC71D51F3E}.Debug|Win32.Build.0 = Debug|Win32
		{1F4D6512-4BE3-40DE-A5FE-74CC71D51F3E}.Debug|x64.ActiveCfg = Debug|Win32
		{1F4D6512-4BE3-40DE-A5FE-74CC71D51F3E}.Debug|x86.ActiveCfg = Debug|Win32
		{1F4D6512-4BE3-40DE-A5FE-74CC71D51F3E}.Release|Any CPU.ActiveCfg = Release|Win32
		{1F4D6512-4BE3-40DE-A5FE-74CC71D51F3E}.Release|Mixed Platforms.ActiveCfg = Release|Win32
		{1F4D6512-4BE3-40DE-A5FE-74CC71D51F3E}.Release|Mixed Platforms.Build.0 = Release|Win32
		{1F4D6512-4BE3-40DE-A5FE-74CC71D51F3E}.Release|Win32.ActiveCfg = Release|Win32
		{1F4D6512-4BE3-40DE-A5FE-74CC71D51F3E}.Release|Win32.Build.0 = Release|Win32
		{1F4D6512-4BE3-40DE-A5FE-74CC71D51F3E}.Release|x64.ActiveCfg = Release|Win32
		{1F4D6512-4BE3-40DE-A5FE-74CC71D51F3E}.Release|x86.ActiveCfg = Release|Win32
		{2BE3A027-9834-461B-8268-D69DA3747AC9}.Debug|Any CPU.ActiveCfg = Debug|Win32
		{2BE3A027-9834-461B-8268-D69DA3747AC9}.Debug|Mixed Platforms.ActiveCfg = Debug|Win32
		{2BE3A027-9834-461B-8268-D69DA3747AC9}.Debug|Win32.ActiveCfg = Debug|Win32
		{2BE3A027-9834-461B-8268-D69DA3747AC9}.Debug|Win32.Build.0 = Debug|Win32
		{2BE3A027-9834-461B-8268-D69DA3747AC9}.Debug|x64.ActiveCfg = Debug|Win32
		{2BE3A027-9834-461B-8268-D69DA3747AC9}.Debug|x86.ActiveCfg = Debug|Win32
		{2BE3A027-9834-461B-8268-D69DA3747AC9}.Release|Any CPU.ActiveCfg = Release|Win32
		{2BE3A027-9834-461B-8268-D69DA3747AC9}.Release|Mixed Platforms.ActiveCfg = Release|Win32
		{2BE3A027-9834-461B-8268-D69DA3747AC9}.Release|Win32.ActiveCfg = Release|Win32
		{2BE3A027-9834-461B-8268-D69DA3747AC9}.Release|Win32.Build.0 = Release|Win32
		{2BE3A027-9834-461B-8268-D69DA3747AC9}.Release|x64.ActiveCfg = Release|Win32
		{2BE3A027-9834-461B-8268-D69DA3747AC9}.Release|x86.ActiveCfg = Release|Win32
		{1905CD7B-4775-4D79-ADC9-A24266EB457F}.Debug|Any CPU.ActiveCfg = Debug|Win32
		{1905CD7B-4775-4D79-ADC9-A24266EB457F}.Debug|Mixed Platforms.ActiveCfg = Debug|Win32
		{1905CD7B-4775-4D79-ADC9-A24266EB457F}.Debug|Win32.ActiveCfg = Debug|Win32
		{1905CD7B-4775-4D79-ADC9-A24266EB457F}.Debug|Win32.Build.0 = Debug|Win32
		{1905CD7B-4775-4D79-ADC9-A24266EB457F}.Debug|x64.ActiveCfg = Debug|Win32
		{1905CD7B-4775-4D79-ADC9-A24266EB457F}.Debug|x86.ActiveCfg = Debug|Win32
		{1905CD7B-4775-4D79-ADC9-A24266EB457F}.Release|Any CPU.ActiveCfg = Release|Win32
		{1905CD7B-4775-4D79-ADC9-A24266EB457F}.Release|Mixed Platforms.ActiveCfg = Release|Win32
		{1905CD7B-4775-4D79-ADC9-A24266EB457F}.Release|Win32.ActiveCfg = Release|Win32
		{1905CD7B-4775-4D79-ADC9-A24266EB457F}.Release|Win32.Build.0 = Release|Win32
		{1905CD7B-4775-4D79-ADC9-A24266EB457F}.Release|x64.ActiveCfg = Release|Win32
		{1905CD7B-4775-4D79-ADC9-A24266EB457F}.Release|x86.ActiveCfg = Release|Win32
		{65B50ED7-1579-4801-9FFC-383980D44ABF}.Debug|Any CPU.ActiveCfg = Debug|Win32
		{65B50ED7-1579-4801-9FFC-383980D44ABF}.Debug|Mixed Platforms.ActiveCfg = Debug|Win32
		{65B50ED7-1579-4801-9FFC-383980D44ABF}.Debug|Win32.ActiveCfg = Debug|Win32
		{65B50ED7-1579-4801-9FFC-383980D44ABF}.Debug|Win32.Build.0 = Debug|Win32
		{65B50ED7-1579-4801-9FFC-383980D44ABF}.Debug|x64.ActiveCfg = Debug|Win32
		{65B50ED7-1579-4801-9FFC-383980D44ABF}.Debug|x86.ActiveCfg = Debug|Win32
		{65B50ED7-1579-4801-9FFC-383980D44ABF}.Release|Any CPU.ActiveCfg = Release|Win32
		{65B50ED7-1579-4801-9FFC-383980D44ABF}.Release|Mixed Platforms.ActiveCfg = Release|Win32
		{65B50ED7-1579-4801-9FFC-383980D44ABF}.Release|Win32.ActiveCfg = Release|Win32
		{65B50ED7-1579-4801-9FFC-383980D44ABF}.Release|Win32.Build.0 = Release|Win32
		{65B50ED7-1579-4801-9FFC-383980D44ABF}.Release|x64.ActiveCfg = Release|Win32
		{65B50ED7-1579-4801-9FFC-383980D44ABF}.Release|x86.ActiveCfg = Release|Win32
		{E358E192-EA9D-4306-A0A0-31F5B2F4E0D2}.Debug|Any CPU.ActiveCfg = Debug|Win32
		{E358E192-EA9D-4306-A0A0-31F5B2F4E0D2}.Debug|Mixed Platforms.ActiveCfg = Debug|Win32
		{E358E192-EA9D-4306-A0A0-31F5B2F4E0D2}.Debug|Win32.ActiveCfg = Debug|Win32
		{E358E192-EA9D-4306-A0A0-31F5B2F4E0D2}.Debug|Win32.Build.0 = Debug|Win32
		{E358E192-EA9D-4306-A0A0-31F5B2F4E0D2}.Debug|x64.ActiveCfg = Debug|Win32
		{E358E192-EA9D-4306-A0A0-31F5B2F4E0D2}.Debug|x86.ActiveCfg = Debug|Win32
		{E358E192-EA9D-4306-A0A0-31F5B2F4E0D2}.Release|Any CPU.ActiveCfg = Release|Win32
		{E358E192-EA9D-4306-A0A0-31F5B2F4E0D2}.Release|Mixed Platforms.ActiveCfg = Release|Win32
		{E358E192-EA9D-4306-A0A0-31F5B2F4E0D2}.Release|Win32.ActiveCfg = Release|Win32
		{E358E192-EA9D-4306-A0A0-31F5B2F4E0D2}.Release|Win32.Build.0 = Release|Win32
		{E358E192-EA9D-4306-A0A0-31F5B2F4E0D2}.Release|x64.ActiveCfg = Release|Win32
		{E358E192-EA9D-4306-A0A0-31F5B2F4E0D2}.Release|x86.ActiveCfg = Release|Win32
		{820D1053-8411-46C0-B7DE-9EA598C5248E}.Debug|Any CPU.ActiveCfg = Debug|Win32
		{820D1053-8411-46C0-B7DE-9EA598C5248E}.Debug|Mixed Platforms.ActiveCfg = Debug|Win32
		{820D1053-8411-46C0-B7DE-9EA598C5248E}.Debug|Win32.ActiveCfg = Debug|Win32
		{820D1053-8411-46C0-B7DE-9EA598C5248E}.Debug|Win32.Build.0 = Debug|Win32
		{820D1053-8411-46C0-B7DE-9EA598C5248E}.Debug|x64.ActiveCfg = Debug|Win32
		{820D1053-8411-46C0-B7DE-9EA598C5248E}.Debug|x86.ActiveCfg = Debug|Win32
		{820D1053-8411-46C0-B7DE-9EA598C5248E}.Release|Any CPU.ActiveCfg = Release|Win32
		{820D1053-8411-46C0-B7DE-9EA598C5248E}.Release|Mixed Platforms.ActiveCfg = Release|Win32
		{820D1053-8411-46C0-B7DE-9EA598C5248E}.Release|Win32.ActiveCfg = Release|Win32
		{820D1053-8411-46C0-B7DE-9EA598C5248E}.Release|Win32.Build.0 = Release|Win32
		{820D1053-8411-46C0-B7DE-9EA598C5248E}.Release|x64.ActiveCfg = Release|Win32
		{820D1053-8411-46C0-B7DE-9EA598C5248E}.Release|x86.ActiveCfg = Release|Win32
		{5E68F1F2-26D2-49FA-B9CD-D985CF729A1D}.Debug|Any CPU.ActiveCfg = Debug|Win32
		{5E68F1F2-26D2-49FA-B9CD-D985CF729A1D}.Debug|Mixed Platforms.ActiveCfg = Debug|Win32
		{5E68F1F2-26D2-49FA-B9CD-D985CF729A1D}.Debug|Mixed Platforms.Build.0 = Debug|Win32
		{5E68F1F2-26D2-49FA-B9CD-D985CF729A1D}.Debug|Win32.ActiveCfg = Debug|Win32
		{5E68F1F2-26D2-49FA-B9CD-D985CF729A1D}.Debug|Win32.Build.0 = Debug|Win32
		{5E68F1F2-26D2-49FA-B9CD-D985CF729A1D}.Debug|x64.ActiveCfg = Debug|Win32
		{5E68F1F2-26D2-49FA-B9CD-D985CF729A1D}.Debug|x86.ActiveCfg = Debug|Win32
		{5E68F1F2-26D2-49FA-B9CD-D985CF729A1D}.Release|Any CPU.ActiveCfg = Release|Win32
		{5E68F1F2-26D2-49FA-B9CD-D985CF729A1D}.Release|Mixed Platforms.ActiveCfg = Release|Win32
		{5E68F1F2-26D2-49FA-B9CD-D985CF729A1D}.Release|Mixed Platforms.Build.0 = Release|Win32
		{5E68F1F2-26D2-49FA-B9CD-D985CF729A1D}.Release|Win32.ActiveCfg = Release|Win32
		{5E68F1F2-26D2-49FA-B9CD-D985CF729A1D}.Release|Win32.Build.0 = Release|Win32
		{5E68F1F2-26D2-49FA-B9CD-D985CF729A1D}.Release|x64.ActiveCfg = Release|Win32
		{5E68F1F2-26D2-49FA-B9CD-D985CF729A1D}.Release|x86.ActiveCfg = Release|Win32
		{62BABC38-0BA3-4668-84F5-5AA00548ABEA}.Debug|Any CPU.ActiveCfg = Debug|Any CPU
		{62BABC38-0BA3-4668-84F5-5AA00548ABEA}.Debug|Any CPU.Build.0 = Debug|Any CPU
		{62BABC38-0BA3-4668-84F5-5AA00548ABEA}.Debug|Mixed Platforms.ActiveCfg = Debug|Any CPU
		{62BABC38-0BA3-4668-84F5-5AA00548ABEA}.Debug|Mixed Platforms.Build.0 = Debug|Any CPU
		{62BABC38-0BA3-4668-84F5-5AA00548ABEA}.Debug|Win32.ActiveCfg = Debug|Any CPU
		{62BABC38-0BA3-4668-84F5-5AA00548ABEA}.Debug|x64.ActiveCfg = Debug|Any CPU
		{62BABC38-0BA3-4668-84F5-5AA00548ABEA}.Debug|x86.ActiveCfg = Debug|Any CPU
		{62BABC38-0BA3-4668-84F5-5AA00548ABEA}.Release|Any CPU.ActiveCfg = Release|Any CPU
		{62BABC38-0BA3-4668-84F5-5AA00548ABEA}.Release|Any CPU.Build.0 = Release|Any CPU
		{62BABC38-0BA3-4668-84F5-5AA00548ABEA}.Release|Mixed Platforms.ActiveCfg = Release|Any CPU
		{62BABC38-0BA3-4668-84F5-5AA00548ABEA}.Release|Mixed Platforms.Build.0 = Release|Any CPU
		{62BABC38-0BA3-4668-84F5-5AA00548ABEA}.Release|Win32.ActiveCfg = Release|Any CPU
		{62BABC38-0BA3-4668-84F5-5AA00548ABEA}.Release|x64.ActiveCfg = Release|Any CPU
		{62BABC38-0BA3-4668-84F5-5AA00548ABEA}.Release|x86.ActiveCfg = Release|Any CPU
		{E2CA26BD-9467-4FF5-84C9-47A28A524FB2}.Debug|Any CPU.ActiveCfg = Debug|Win32
		{E2CA26BD-9467-4FF5-84C9-47A28A524FB2}.Debug|Mixed Platforms.ActiveCfg = Debug|Win32
		{E2CA26BD-9467-4FF5-84C9-47A28A524FB2}.Debug|Mixed Platforms.Build.0 = Debug|Win32
		{E2CA26BD-9467-4FF5-84C9-47A28A524FB2}.Debug|Win32.ActiveCfg = Debug|Win32
		{E2CA26BD-9467-4FF5-84C9-47A28A524FB2}.Debug|Win32.Build.0 = Debug|Win32
		{E2CA26BD-9467-4FF5-84C9-47A28A524FB2}.Debug|x64.ActiveCfg = Debug|Win32
		{E2CA26BD-9467-4FF5-84C9-47A28A524FB2}.Debug|x86.ActiveCfg = Debug|Win32
		{E2CA26BD-9467-4FF5-84C9-47A28A524FB2}.Release|Any CPU.ActiveCfg = Release|Win32
		{E2CA26BD-9467-4FF5-84C9-47A28A524FB2}.Release|Mixed Platforms.ActiveCfg = Release|Win32
		{E2CA26BD-9467-4FF5-84C9-47A28A524FB2}.Release|Mixed Platforms.Build.0 = Release|Win32
		{E2CA26BD-9467-4FF5-84C9-47A28A524FB2}.Release|Win32.ActiveCfg = Release|Win32
		{E2CA26BD-9467-4FF5-84C9-47A28A524FB2}.Release|Win32.Build.0 = Release|Win32
		{E2CA26BD-9467-4FF5-84C9-47A28A524FB2}.Release|x64.ActiveCfg = Release|Win32
		{E2CA26BD-9467-4FF5-84C9-47A28A524FB2}.Release|x86.ActiveCfg = Release|Win32
		{DF253559-2BF7-4A56-A54E-4E40E0BEDF11}.Debug|Any CPU.ActiveCfg = Debug|x86
		{DF253559-2BF7-4A56-A54E-4E40E0BEDF11}.Debug|Mixed Platforms.ActiveCfg = Debug|x86
		{DF253559-2BF7-4A56-A54E-4E40E0BEDF11}.Debug|Mixed Platforms.Build.0 = Debug|x86
		{DF253559-2BF7-4A56-A54E-4E40E0BEDF11}.Debug|Win32.ActiveCfg = Debug|x86
		{DF253559-2BF7-4A56-A54E-4E40E0BEDF11}.Debug|x64.ActiveCfg = Debug|x86
		{DF253559-2BF7-4A56-A54E-4E40E0BEDF11}.Debug|x86.ActiveCfg = Debug|x86
		{DF253559-2BF7-4A56-A54E-4E40E0BEDF11}.Debug|x86.Build.0 = Debug|x86
		{DF253559-2BF7-4A56-A54E-4E40E0BEDF11}.Release|Any CPU.ActiveCfg = Release|x86
		{DF253559-2BF7-4A56-A54E-4E40E0BEDF11}.Release|Mixed Platforms.ActiveCfg = Release|x86
		{DF253559-2BF7-4A56-A54E-4E40E0BEDF11}.Release|Mixed Platforms.Build.0 = Release|x86
		{DF253559-2BF7-4A56-A54E-4E40E0BEDF11}.Release|Win32.ActiveCfg = Release|x86
		{DF253559-2BF7-4A56-A54E-4E40E0BEDF11}.Release|x64.ActiveCfg = Release|x86
		{DF253559-2BF7-4A56-A54E-4E40E0BEDF11}.Release|x86.ActiveCfg = Release|x86
		{DF253559-2BF7-4A56-A54E-4E40E0BEDF11}.Release|x86.Build.0 = Release|x86
		{A99A0885-8CB0-4668-BE18-FFE85481244D}.Debug|Any CPU.ActiveCfg = Debug|Win32
		{A99A0885-8CB0-4668-BE18-FFE85481244D}.Debug|Mixed Platforms.ActiveCfg = Debug|Win32
		{A99A0885-8CB0-4668-BE18-FFE85481244D}.Debug|Mixed Platforms.Build.0 = Debug|Win32
		{A99A0885-8CB0-4668-BE18-FFE85481244D}.Debug|Win32.ActiveCfg = Debug|Win32
		{A99A0885-8CB0-4668-BE18-FFE85481244D}.Debug|Win32.Build.0 = Debug|Win32
		{A99A0885-8CB0-4668-BE18-FFE85481244D}.Debug|x64.ActiveCfg = Debug|Win32
		{A99A0885-8CB0-4668-BE18-FFE85481244D}.Debug|x86.ActiveCfg = Debug|Win32
		{A99A0885-8CB0-4668-BE18-FFE85481244D}.Release|Any CPU.ActiveCfg = Release|Win32
		{A99A0885-8CB0-4668-BE18-FFE85481244D}.Release|Mixed Platforms.ActiveCfg = Release|Win32
		{A99A0885-8CB0-4668-BE18-FFE85481244D}.Release|Mixed Platforms.Build.0 = Release|Win32
		{A99A0885-8CB0-4668-BE18-FFE85481244D}.Release|Win32.ActiveCfg = Release|Win32
		{A99A0885-8CB0-4668-BE18-FFE85481244D}.Release|Win32.Build.0 = Release|Win32
		{A99A0885-8CB0-4668-BE18-FFE85481244D}.Release|x64.ActiveCfg = Release|Win32
		{A99A0885-8CB0-4668-BE18-FFE85481244D}.Release|x86.ActiveCfg = Release|Win32
		{F19F7288-3321-42FB-9869-88CE6D54330A}.Debug|Any CPU.ActiveCfg = Debug|Win32
		{F19F7288-3321-42FB-9869-88CE6D54330A}.Debug|Mixed Platforms.ActiveCfg = Debug|Win32
		{F19F7288-3321-42FB-9869-88CE6D54330A}.Debug|Mixed Platforms.Build.0 = Debug|Win32
		{F19F7288-3321-42FB-9869-88CE6D54330A}.Debug|Win32.ActiveCfg = Debug|Win32
		{F19F7288-3321-42FB-9869-88CE6D54330A}.Debug|Win32.Build.0 = Debug|Win32
		{F19F7288-3321-42FB-9869-88CE6D54330A}.Debug|x64.ActiveCfg = Debug|Win32
		{F19F7288-3321-42FB-9869-88CE6D54330A}.Debug|x86.ActiveCfg = Debug|Win32
		{F19F7288-3321-42FB-9869-88CE6D54330A}.Release|Any CPU.ActiveCfg = Release|Win32
		{F19F7288-3321-42FB-9869-88CE6D54330A}.Release|Mixed Platforms.ActiveCfg = Release|Win32
		{F19F7288-3321-42FB-9869-88CE6D54330A}.Release|Mixed Platforms.Build.0 = Release|Win32
		{F19F7288-3321-42FB-9869-88CE6D54330A}.Release|Win32.ActiveCfg = Release|Win32
		{F19F7288-3321-42FB-9869-88CE6D54330A}.Release|Win32.Build.0 = Release|Win32
		{F19F7288-3321-42FB-9869-88CE6D54330A}.Release|x64.ActiveCfg = Release|Win32
		{F19F7288-3321-42FB-9869-88CE6D54330A}.Release|x86.ActiveCfg = Release|Win32
		{DBA4485B-74B3-4021-B166-839FFF58EB17}.Debug|Any CPU.ActiveCfg = Debug|Win32
		{DBA4485B-74B3-4021-B166-839FFF58EB17}.Debug|Mixed Platforms.ActiveCfg = Debug|Win32
		{DBA4485B-74B3-4021-B166-839FFF58EB17}.Debug|Mixed Platforms.Build.0 = Debug|Win32
		{DBA4485B-74B3-4021-B166-839FFF58EB17}.Debug|Win32.ActiveCfg = Debug|Win32
		{DBA4485B-74B3-4021-B166-839FFF58EB17}.Debug|Win32.Build.0 = Debug|Win32
		{DBA4485B-74B3-4021-B166-839FFF58EB17}.Debug|x64.ActiveCfg = Debug|Win32
		{DBA4485B-74B3-4021-B166-839FFF58EB17}.Debug|x86.ActiveCfg = Debug|Win32
		{DBA4485B-74B3-4021-B166-839FFF58EB17}.Release|Any CPU.ActiveCfg = Release|Win32
		{DBA4485B-74B3-4021-B166-839FFF58EB17}.Release|Mixed Platforms.ActiveCfg = Release|Win32
		{DBA4485B-74B3-4021-B166-839FFF58EB17}.Release|Mixed Platforms.Build.0 = Release|Win32
		{DBA4485B-74B3-4021-B166-839FFF58EB17}.Release|Win32.ActiveCfg = Release|Win32
		{DBA4485B-74B3-4021-B166-839FFF58EB17}.Release|Win32.Build.0 = Release|Win32
		{DBA4485B-74B3-4021-B166-839FFF58EB17}.Release|x64.ActiveCfg = Release|Win32
		{DBA4485B-74B3-4021-B166-839FFF58EB17}.Release|x86.ActiveCfg = Release|Win32
		{D673DE74-EAC6-45B3-9982-2E8F3B093259}.Debug|Any CPU.ActiveCfg = Debug|Win32
		{D673DE74-EAC6-45B3-9982-2E8F3B093259}.Debug|Mixed Platforms.ActiveCfg = Debug|Win32
		{D673DE74-EAC6-45B3-9982-2E8F3B093259}.Debug|Mixed Platforms.Build.0 = Debug|Win32
		{D673DE74-EAC6-45B3-9982-2E8F3B093259}.Debug|Win32.ActiveCfg = Debug|Win32
		{D673DE74-EAC6-45B3-9982-2E8F3B093259}.Debug|Win32.Build.0 = Debug|Win32
		{D673DE74-EAC6-45B3-9982-2E8F3B093259}.Debug|x64.ActiveCfg = Debug|Win32
		{D673DE74-EAC6-45B3-9982-2E8F3B093259}.Debug|x86.ActiveCfg = Debug|Win32
		{D673DE74-EAC6-45B3-9982-2E8F3B093259}.Release|Any CPU.ActiveCfg = Release|Win32
		{D673DE74-EAC6-45B3-9982-2E8F3B093259}.Release|Mixed Platforms.ActiveCfg = Release|Win32
		{D673DE74-EAC6-45B3-9982-2E8F3B093259}.Release|Mixed Platforms.Build.0 = Release|Win32
		{D673DE74-EAC6-45B3-9982-2E8F3B093259}.Release|Win32.ActiveCfg = Release|Win32
		{D673DE74-EAC6-45B3-9982-2E8F3B093259}.Release|Win32.Build.0 = Release|Win32
		{D673DE74-EAC6-45B3-9982-2E8F3B093259}.Release|x64.ActiveCfg = Release|Win32
		{D673DE74-EAC6-45B3-9982-2E8F3B093259}.Release|x86.ActiveCfg = Release|Win32
		{F3D46587-61FE-4E44-B6F7-1C888BC7BCC7}.Debug|Any CPU.ActiveCfg = Debug|Win32
		{F3D46587-61FE-4E44-B6F7-1C888BC7BCC7}.Debug|Mixed Platforms.ActiveCfg = Debug|Win32
		{F3D46587-61FE-4E44-B6F7-1C888BC7BCC7}.Debug|Mixed Platforms.Build.0 = Debug|Win32
		{F3D46587-61FE-4E44-B6F7-1C888BC7BCC7}.Debug|Win32.ActiveCfg = Debug|Win32
		{F3D46587-61FE-4E44-B6F7-1C888BC7BCC7}.Debug|Win32.Build.0 = Debug|Win32
		{F3D46587-61FE-4E44-B6F7-1C888BC7BCC7}.Debug|x64.ActiveCfg = Debug|Win32
		{F3D46587-61FE-4E44-B6F7-1C888BC7BCC7}.Debug|x86.ActiveCfg = Debug|Win32
		{F3D46587-61FE-4E44-B6F7-1C888BC7BCC7}.Release|Any CPU.ActiveCfg = Release|Win32
		{F3D46587-61FE-4E44-B6F7-1C888BC7BCC7}.Release|Mixed Platforms.ActiveCfg = Release|Win32
		{F3D46587-61FE-4E44-B6F7-1C888BC7BCC7}.Release|Mixed Platforms.Build.0 = Release|Win32
		{F3D46587-61FE-4E44-B6F7-1C888BC7BCC7}.Release|Win32.ActiveCfg = Release|Win32
		{F3D46587-61FE-4E44-B6F7-1C888BC7BCC7}.Release|Win32.Build.0 = Release|Win32
		{F3D46587-61FE-4E44-B6F7-1C888BC7BCC7}.Release|x64.ActiveCfg = Release|Win32
		{F3D46587-61FE-4E44-B6F7-1C888BC7BCC7}.Release|x86.ActiveCfg = Release|Win32
		{22C34622-1811-466E-A115-AD6265236186}.Debug|Any CPU.ActiveCfg = Debug|Win32
		{22C34622-1811-466E-A115-AD6265236186}.Debug|Mixed Platforms.ActiveCfg = Debug|Win32
		{22C34622-1811-466E-A115-AD6265236186}.Debug|Mixed Platforms.Build.0 = Debug|Win32
		{22C34622-1811-466E-A115-AD6265236186}.Debug|Win32.ActiveCfg = Debug|Win32
		{22C34622-1811-466E-A115-AD6265236186}.Debug|Win32.Build.0 = Debug|Win32
		{22C34622-1811-466E-A115-AD6265236186}.Debug|x64.ActiveCfg = Debug|Win32
		{22C34622-1811-466E-A115-AD6265236186}.Debug|x86.ActiveCfg = Debug|Win32
		{22C34622-1811-466E-A115-AD6265236186}.Release|Any CPU.ActiveCfg = Release|Win32
		{22C34622-1811-466E-A115-AD6265236186}.Release|Mixed Platforms.ActiveCfg = Release|Win32
		{22C34622-1811-466E-A115-AD6265236186}.Release|Mixed Platforms.Build.0 = Release|Win32
		{22C34622-1811-466E-A115-AD6265236186}.Release|Win32.ActiveCfg = Release|Win32
		{22C34622-1811-466E-A115-AD6265236186}.Release|Win32.Build.0 = Release|Win32
		{22C34622-1811-466E-A115-AD6265236186}.Release|x64.ActiveCfg = Release|Win32
		{22C34622-1811-466E-A115-AD6265236186}.Release|x86.ActiveCfg = Release|Win32
		{91A98D24-FD0D-49C6-AD3F-D24AEDBEB9B2}.Debug|Any CPU.ActiveCfg = Debug|Win32
		{91A98D24-FD0D-49C6-AD3F-D24AEDBEB9B2}.Debug|Mixed Platforms.ActiveCfg = Debug|Win32
		{91A98D24-FD0D-49C6-AD3F-D24AEDBEB9B2}.Debug|Mixed Platforms.Build.0 = Debug|Win32
		{91A98D24-FD0D-49C6-AD3F-D24AEDBEB9B2}.Debug|Win32.ActiveCfg = Debug|Win32
		{91A98D24-FD0D-49C6-AD3F-D24AEDBEB9B2}.Debug|Win32.Build.0 = Debug|Win32
		{91A98D24-FD0D-49C6-AD3F-D24AEDBEB9B2}.Debug|x64.ActiveCfg = Debug|Win32
		{91A98D24-FD0D-49C6-AD3F-D24AEDBEB9B2}.Debug|x86.ActiveCfg = Debug|Win32
		{91A98D24-FD0D-49C6-AD3F-D24AEDBEB9B2}.Release|Any CPU.ActiveCfg = Release|Win32
		{91A98D24-FD0D-49C6-AD3F-D24AEDBEB9B2}.Release|Mixed Platforms.ActiveCfg = Release|Win32
		{91A98D24-FD0D-49C6-AD3F-D24AEDBEB9B2}.Release|Mixed Platforms.Build.0 = Release|Win32
		{91A98D24-FD0D-49C6-AD3F-D24AEDBEB9B2}.Release|Win32.ActiveCfg = Release|Win32
		{91A98D24-FD0D-49C6-AD3F-D24AEDBEB9B2}.Release|Win32.Build.0 = Release|Win32
		{91A98D24-FD0D-49C6-AD3F-D24AEDBEB9B2}.Release|x64.ActiveCfg = Release|Win32
		{91A98D24-FD0D-49C6-AD3F-D24AEDBEB9B2}.Release|x86.ActiveCfg = Release|Win32
		{57785667-30F0-4AF6-B250-2311A025DE90}.Debug|Any CPU.ActiveCfg = Debug|Win32
		{57785667-30F0-4AF6-B250-2311A025DE90}.Debug|Mixed Platforms.ActiveCfg = Debug|Win32
		{57785667-30F0-4AF6-B250-2311A025DE90}.Debug|Mixed Platforms.Build.0 = Debug|Win32
		{57785667-30F0-4AF6-B250-2311A025DE90}.Debug|Win32.ActiveCfg = Debug|Win32
		{57785667-30F0-4AF6-B250-2311A025DE90}.Debug|Win32.Build.0 = Debug|Win32
		{57785667-30F0-4AF6-B250-2311A025DE90}.Debug|x64.ActiveCfg = Debug|Win32
		{57785667-30F0-4AF6-B250-2311A025DE90}.Debug|x86.ActiveCfg = Debug|Win32
		{57785667-30F0-4AF6-B250-2311A025DE90}.Release|Any CPU.ActiveCfg = Release|Win32
		{57785667-30F0-4AF6-B250-2311A025DE90}.Release|Mixed Platforms.ActiveCfg = Release|Win32
		{57785667-30F0-4AF6-B250-2311A025DE90}.Release|Mixed Platforms.Build.0 = Release|Win32
		{57785667-30F0-4AF6-B250-2311A025DE90}.Release|Win32.ActiveCfg = Release|Win32
		{57785667-30F0-4AF6-B250-2311A025DE90}.Release|Win32.Build.0 = Release|Win32
		{57785667-30F0-4AF6-B250-2311A025DE90}.Release|x64.ActiveCfg = Release|Win32
		{57785667-30F0-4AF6-B250-2311A025DE90}.Release|x86.ActiveCfg = Release|Win32
		{150A571E-7E90-4EC3-B80D-085EBA54599C}.Debug|Any CPU.ActiveCfg = Debug|x86
		{150A571E-7E90-4EC3-B80D-085EBA54599C}.Debug|Mixed Platforms.ActiveCfg = Debug|x86
		{150A571E-7E90-4EC3-B80D-085EBA54599C}.Debug|Mixed Platforms.Build.0 = Debug|x86
		{150A571E-7E90-4EC3-B80D-085EBA54599C}.Debug|Win32.ActiveCfg = Debug|x86
		{150A571E-7E90-4EC3-B80D-085EBA54599C}.Debug|x64.ActiveCfg = Debug|x86
		{150A571E-7E90-4EC3-B80D-085EBA54599C}.Debug|x86.ActiveCfg = Debug|x86
		{150A571E-7E90-4EC3-B80D-085EBA54599C}.Debug|x86.Build.0 = Debug|x86
		{150A571E-7E90-4EC3-B80D-085EBA54599C}.Release|Any CPU.ActiveCfg = Release|x86
		{150A571E-7E90-4EC3-B80D-085EBA54599C}.Release|Mixed Platforms.ActiveCfg = Release|x86
		{150A571E-7E90-4EC3-B80D-085EBA54599C}.Release|Mixed Platforms.Build.0 = Release|x86
		{150A571E-7E90-4EC3-B80D-085EBA54599C}.Release|Win32.ActiveCfg = Release|x86
		{150A571E-7E90-4EC3-B80D-085EBA54599C}.Release|x64.ActiveCfg = Release|x86
		{150A571E-7E90-4EC3-B80D-085EBA54599C}.Release|x86.ActiveCfg = Release|x86
		{150A571E-7E90-4EC3-B80D-085EBA54599C}.Release|x86.Build.0 = Release|x86
		{5C38322E-3EE6-4BE5-8ED9-4BC3067BC280}.Debug|Any CPU.ActiveCfg = Debug|Win32
		{5C38322E-3EE6-4BE5-8ED9-4BC3067BC280}.Debug|Mixed Platforms.ActiveCfg = Debug|Win32
		{5C38322E-3EE6-4BE5-8ED9-4BC3067BC280}.Debug|Mixed Platforms.Build.0 = Debug|Win32
		{5C38322E-3EE6-4BE5-8ED9-4BC3067BC280}.Debug|Win32.ActiveCfg = Debug|Win32
		{5C38322E-3EE6-4BE5-8ED9-4BC3067BC280}.Debug|Win32.Build.0 = Debug|Win32
		{5C38322E-3EE6-4BE5-8ED9-4BC3067BC280}.Debug|x64.ActiveCfg = Debug|x64
		{5C38322E-3EE6-4BE5-8ED9-4BC3067BC280}.Debug|x64.Build.0 = Debug|x64
		{5C38322E-3EE6-4BE5-8ED9-4BC3067BC280}.Debug|x86.ActiveCfg = Debug|Win32
		{5C38322E-3EE6-4BE5-8ED9-4BC3067BC280}.Release|Any CPU.ActiveCfg = Release|Win32
		{5C38322E-3EE6-4BE5-8ED9-4BC3067BC280}.Release|Mixed Platforms.ActiveCfg = Release|Win32
		{5C38322E-3EE6-4BE5-8ED9-4BC3067BC280}.Release|Mixed Platforms.Build.0 = Release|Win32
		{5C38322E-3EE6-4BE5-8ED9-4BC3067BC280}.Release|Win32.ActiveCfg = Release|Win32
		{5C38322E-3EE6-4BE5-8ED9-4BC3067BC280}.Release|Win32.Build.0 = Release|Win32
		{5C38322E-3EE6-4BE5-8ED9-4BC3067BC280}.Release|x64.ActiveCfg = Release|x64
		{5C38322E-3EE6-4BE5-8ED9-4BC3067BC280}.Release|x64.Build.0 = Release|x64
		{5C38322E-3EE6-4BE5-8ED9-4BC3067BC280}.Release|x86.ActiveCfg = Release|Win32
		{DAA03915-410A-48B4-A948-8F9F5868C0EB}.Debug|Any CPU.ActiveCfg = Debug|Win32
		{DAA03915-410A-48B4-A948-8F9F5868C0EB}.Debug|Mixed Platforms.ActiveCfg = Debug|Win32
		{DAA03915-410A-48B4-A948-8F9F5868C0EB}.Debug|Mixed Platforms.Build.0 = Debug|Win32
		{DAA03915-410A-48B4-A948-8F9F5868C0EB}.Debug|Win32.ActiveCfg = Debug|Win32
		{DAA03915-410A-48B4-A948-8F9F5868C0EB}.Debug|Win32.Build.0 = Debug|Win32
		{DAA03915-410A-48B4-A948-8F9F5868C0EB}.Debug|x64.ActiveCfg = Debug|Win32
		{DAA03915-410A-48B4-A948-8F9F5868C0EB}.Debug|x86.ActiveCfg = Debug|Win32
		{DAA03915-410A-48B4-A948-8F9F5868C0EB}.Release|Any CPU.ActiveCfg = Release|Win32
		{DAA03915-410A-48B4-A948-8F9F5868C0EB}.Release|Mixed Platforms.ActiveCfg = Release|Win32
		{DAA03915-410A-48B4-A948-8F9F5868C0EB}.Release|Mixed Platforms.Build.0 = Release|Win32
		{DAA03915-410A-48B4-A948-8F9F5868C0EB}.Release|Win32.ActiveCfg = Release|Win32
		{DAA03915-410A-48B4-A948-8F9F5868C0EB}.Release|Win32.Build.0 = Release|Win32
		{DAA03915-410A-48B4-A948-8F9F5868C0EB}.Release|x64.ActiveCfg = Release|Win32
		{DAA03915-410A-48B4-A948-8F9F5868C0EB}.Release|x86.ActiveCfg = Release|Win32
		{C1529640-91B3-4D1C-ADD7-2EEC0FE4D78B}.Debug|Any CPU.ActiveCfg = Debug|Win32
		{C1529640-91B3-4D1C-ADD7-2EEC0FE4D78B}.Debug|Mixed Platforms.ActiveCfg = Debug|Win32
		{C1529640-91B3-4D1C-ADD7-2EEC0FE4D78B}.Debug|Mixed Platforms.Build.0 = Debug|Win32
		{C1529640-91B3-4D1C-ADD7-2EEC0FE4D78B}.Debug|Win32.ActiveCfg = Debug|Win32
		{C1529640-91B3-4D1C-ADD7-2EEC0FE4D78B}.Debug|Win32.Build.0 = Debug|Win32
		{C1529640-91B3-4D1C-ADD7-2EEC0FE4D78B}.Debug|x64.ActiveCfg = Debug|Win32
		{C1529640-91B3-4D1C-ADD7-2EEC0FE4D78B}.Debug|x86.ActiveCfg = Debug|Win32
		{C1529640-91B3-4D1C-ADD7-2EEC0FE4D78B}.Release|Any CPU.ActiveCfg = Release|Win32
		{C1529640-91B3-4D1C-ADD7-2EEC0FE4D78B}.Release|Mixed Platforms.ActiveCfg = Release|Win32
		{C1529640-91B3-4D1C-ADD7-2EEC0FE4D78B}.Release|Mixed Platforms.Build.0 = Release|Win32
		{C1529640-91B3-4D1C-ADD7-2EEC0FE4D78B}.Release|Win32.ActiveCfg = Release|Win32
		{C1529640-91B3-4D1C-ADD7-2EEC0FE4D78B}.Release|Win32.Build.0 = Release|Win32
		{C1529640-91B3-4D1C-ADD7-2EEC0FE4D78B}.Release|x64.ActiveCfg = Release|Win32
		{C1529640-91B3-4D1C-ADD7-2EEC0FE4D78B}.Release|x86.ActiveCfg = Release|Win32
		{C4854E04-706F-4304-B9EB-D2FB7DF07BE5}.Debug|Any CPU.ActiveCfg = Debug|Win32
		{C4854E04-706F-4304-B9EB-D2FB7DF07BE5}.Debug|Mixed Platforms.ActiveCfg = Debug|Win32
		{C4854E04-706F-4304-B9EB-D2FB7DF07BE5}.Debug|Mixed Platforms.Build.0 = Debug|Win32
		{C4854E04-706F-4304-B9EB-D2FB7DF07BE5}.Debug|Win32.ActiveCfg = Debug|Win32
		{C4854E04-706F-4304-B9EB-D2FB7DF07BE5}.Debug|Win32.Build.0 = Debug|Win32
		{C4854E04-706F-4304-B9EB-D2FB7DF07BE5}.Debug|x64.ActiveCfg = Debug|Win32
		{C4854E04-706F-4304-B9EB-D2FB7DF07BE5}.Debug|x86.ActiveCfg = Debug|Win32
		{C4854E04-706F-4304-B9EB-D2FB7DF07BE5}.Release|Any CPU.ActiveCfg = Release|Win32
		{C4854E04-706F-4304-B9EB-D2FB7DF07BE5}.Release|Mixed Platforms.ActiveCfg = Release|Win32
		{C4854E04-706F-4304-B9EB-D2FB7DF07BE5}.Release|Mixed Platforms.Build.0 = Release|Win32
		{C4854E04-706F-4304-B9EB-D2FB7DF07BE5}.Release|Win32.ActiveCfg = Release|Win32
		{C4854E04-706F-4304-B9EB-D2FB7DF07BE5}.Release|Win32.Build.0 = Release|Win32
		{C4854E04-706F-4304-B9EB-D2FB7DF07BE5}.Release|x64.ActiveCfg = Release|Win32
		{C4854E04-706F-4304-B9EB-D2FB7DF07BE5}.Release|x86.ActiveCfg = Release|Win32
		{C5BEC5E8-266C-42FF-94B8-D98072ACA1CE}.Debug|Any CPU.ActiveCfg = Debug|Win32
		{C5BEC5E8-266C-42FF-94B8-D98072ACA1CE}.Debug|Mixed Platforms.ActiveCfg = Debug|Win32
		{C5BEC5E8-266C-42FF-94B8-D98072ACA1CE}.Debug|Mixed Platforms.Build.0 = Debug|Win32
		{C5BEC5E8-266C-42FF-94B8-D98072ACA1CE}.Debug|Win32.ActiveCfg = Debug|Win32
		{C5BEC5E8-266C-42FF-94B8-D98072ACA1CE}.Debug|Win32.Build.0 = Debug|Win32
		{C5BEC5E8-266C-42FF-94B8-D98072ACA1CE}.Debug|x64.ActiveCfg = Debug|Win32
		{C5BEC5E8-266C-42FF-94B8-D98072ACA1CE}.Debug|x86.ActiveCfg = Debug|Win32
		{C5BEC5E8-266C-42FF-94B8-D98072ACA1CE}.Release|Any CPU.ActiveCfg = Release|Win32
		{C5BEC5E8-266C-42FF-94B8-D98072ACA1CE}.Release|Mixed Platforms.ActiveCfg = Release|Win32
		{C5BEC5E8-266C-42FF-94B8-D98072ACA1CE}.Release|Mixed Platforms.Build.0 = Release|Win32
		{C5BEC5E8-266C-42FF-94B8-D98072ACA1CE}.Release|Win32.ActiveCfg = Release|Win32
		{C5BEC5E8-266C-42FF-94B8-D98072ACA1CE}.Release|Win32.Build.0 = Release|Win32
		{C5BEC5E8-266C-42FF-94B8-D98072ACA1CE}.Release|x64.ActiveCfg = Release|Win32
		{C5BEC5E8-266C-42FF-94B8-D98072ACA1CE}.Release|x86.ActiveCfg = Release|Win32
	EndGlobalSection
	GlobalSection(SolutionProperties) = preSolution
		HideSolutionNode = FALSE
	EndGlobalSection
	GlobalSection(NestedProjects) = preSolution
		{65B50ED7-1579-4801-9FFC-383980D44ABF} = {830F7471-9313-4AF6-AEEA-93BA5896AF45}
		{E358E192-EA9D-4306-A0A0-31F5B2F4E0D2} = {830F7471-9313-4AF6-AEEA-93BA5896AF45}
		{820D1053-8411-46C0-B7DE-9EA598C5248E} = {830F7471-9313-4AF6-AEEA-93BA5896AF45}
		{5E68F1F2-26D2-49FA-B9CD-D985CF729A1D} = {830F7471-9313-4AF6-AEEA-93BA5896AF45}
		{62BABC38-0BA3-4668-84F5-5AA00548ABEA} = {830F7471-9313-4AF6-AEEA-93BA5896AF45}
		{E2CA26BD-9467-4FF5-84C9-47A28A524FB2} = {830F7471-9313-4AF6-AEEA-93BA5896AF45}
		{A99A0885-8CB0-4668-BE18-FFE85481244D} = {830F7471-9313-4AF6-AEEA-93BA5896AF45}
		{F19F7288-3321-42FB-9869-88CE6D54330A} = {830F7471-9313-4AF6-AEEA-93BA5896AF45}
		{DBA4485B-74B3-4021-B166-839FFF58EB17} = {830F7471-9313-4AF6-AEEA-93BA5896AF45}
		{D673DE74-EAC6-45B3-9982-2E8F3B093259} = {830F7471-9313-4AF6-AEEA-93BA5896AF45}
		{F3D46587-61FE-4E44-B6F7-1C888BC7BCC7} = {830F7471-9313-4AF6-AEEA-93BA5896AF45}
		{91A98D24-FD0D-49C6-AD3F-D24AEDBEB9B2} = {830F7471-9313-4AF6-AEEA-93BA5896AF45}
		{57785667-30F0-4AF6-B250-2311A025DE90} = {830F7471-9313-4AF6-AEEA-93BA5896AF45}
		{150A571E-7E90-4EC3-B80D-085EBA54599C} = {830F7471-9313-4AF6-AEEA-93BA5896AF45}
		{C1529640-91B3-4D1C-ADD7-2EEC0FE4D78B} = {830F7471-9313-4AF6-AEEA-93BA5896AF45}
		{C4854E04-706F-4304-B9EB-D2FB7DF07BE5} = {B2D84840-079F-410F-A56C-58054E87698F}
		{C5BEC5E8-266C-42FF-94B8-D98072ACA1CE} = {B2D84840-079F-410F-A56C-58054E87698F}
	EndGlobalSection
EndGlobal
