<?xml version="1.0" encoding="utf-8"?>
<Project ToolsVersion="4.0" xmlns="http://schemas.microsoft.com/developer/msbuild/2003">
  <ItemGroup>
    <Filter Include="Source Files">
      <UniqueIdentifier>{4FC737F1-C7A5-4376-A066-2A32D752A2FF}</UniqueIdentifier>
      <Extensions>cpp;c;cc;cxx;def;odl;idl;hpj;bat;asm;asmx</Extensions>
    </Filter>
    <Filter Include="Header Files">
      <UniqueIdentifier>{93995380-89BD-4b04-88EB-625FBE52EBFB}</UniqueIdentifier>
      <Extensions>h;hpp;hxx;hm;inl;inc;xsd</Extensions>
    </Filter>
    <Filter Include="Resource Files">
      <UniqueIdentifier>{67DA6AB6-F800-4c08-8B7A-83BB121AAD01}</UniqueIdentifier>
      <Extensions>rc;ico;cur;bmp;dlg;rc2;rct;bin;rgs;gif;jpg;jpeg;jpe;resx;tiff;tif;png;wav;mfcribbon-ms</Extensions>
    </Filter>
    <Filter Include="App">
      <UniqueIdentifier>{6e24f5e2-4c1b-4fdd-a77f-f2b810423b57}</UniqueIdentifier>
    </Filter>
    <Filter Include="Windows">
      <UniqueIdentifier>{d76141a6-a9c6-4c4d-b59c-8f2b7d756c5b}</UniqueIdentifier>
    </Filter>
    <Filter Include="Windows\MainWindow">
      <UniqueIdentifier>{de26d7e6-a573-4010-bed3-5b8aecd87928}</UniqueIdentifier>
    </Filter>
    <Filter Include="Log">
      <UniqueIdentifier>{b52d3193-f17d-4b4d-aa96-9ddc0e5e462d}</UniqueIdentifier>
    </Filter>
    <Filter Include="Dlg">
      <UniqueIdentifier>{46ccdeee-b49a-4dcd-8e0c-6ef5abec50ba}</UniqueIdentifier>
    </Filter>
    <Filter Include="Common">
      <UniqueIdentifier>{501c9a82-947c-43b5-86f3-60a26f8ea9a3}</UniqueIdentifier>
    </Filter>
    <Filter Include="Common\window_tool">
      <UniqueIdentifier>{c3ab83a9-6f36-445a-a48d-9dec41eb8660}</UniqueIdentifier>
    </Filter>
    <Filter Include="Common\Ini">
      <UniqueIdentifier>{635e14ef-5db6-467c-824d-54567adf16bd}</UniqueIdentifier>
    </Filter>
    <Filter Include="Common\Base">
      <UniqueIdentifier>{f3775663-82ed-4b3e-9c96-f5f5affad965}</UniqueIdentifier>
    </Filter>
    <Filter Include="Common\templates">
      <UniqueIdentifier>{cbf8dee1-8e34-4f52-8b0f-677f6635cdda}</UniqueIdentifier>
    </Filter>
    <Filter Include="Common\debug_tools">
      <UniqueIdentifier>{3004eac3-3efc-4939-a4e3-cc2655752a7e}</UniqueIdentifier>
    </Filter>
  </ItemGroup>
  <ItemGroup>
    <ClCompile Include="stdafx.cpp">
      <Filter>Source Files</Filter>
    </ClCompile>
    <ClCompile Include="Windows\MainWindow.cpp">
      <Filter>Windows\MainWindow</Filter>
    </ClCompile>
    <ClCompile Include="Windows\MainWindowGrid.cpp">
      <Filter>Windows\MainWindow</Filter>
    </ClCompile>
    <ClCompile Include="Dlg\DlgProc.cpp">
      <Filter>Dlg</Filter>
    </ClCompile>
    <ClCompile Include="..\Defectoscope\Log\LogBuffer.cpp">
      <Filter>Log</Filter>
    </ClCompile>
    <ClCompile Include="..\Defectoscope\Log\LogMessages.cpp">
      <Filter>Log</Filter>
    </ClCompile>
    <ClCompile Include="..\..\Common\window_tool\DlgFiles.cpp">
      <Filter>Common\window_tool</Filter>
    </ClCompile>
    <ClCompile Include="..\..\Common\window_tool\EmptyWindow.cpp">
      <Filter>Common\window_tool</Filter>
    </ClCompile>
    <ClCompile Include="..\..\Common\window_tool\Grid.cpp">
      <Filter>Common\window_tool</Filter>
    </ClCompile>
    <ClCompile Include="..\..\Common\window_tool\GridItems.cpp">
      <Filter>Common\window_tool</Filter>
    </ClCompile>
    <ClCompile Include="..\..\Common\window_tool\InRect.cpp">
      <Filter>Common\window_tool</Filter>
    </ClCompile>
    <ClCompile Include="..\..\Common\window_tool\MenuAPI.cpp">
      <Filter>Common\window_tool</Filter>
    </ClCompile>
    <ClCompile Include="..\..\Common\window_tool\Pass.cpp">
      <Filter>Common\window_tool</Filter>
    </ClCompile>
    <ClCompile Include="..\..\Common\Ini\ItemIni.cpp">
      <Filter>Common\Ini</Filter>
    </ClCompile>
    <ClCompile Include="..\..\Common\Ini\WindowsPosition.cpp">
      <Filter>Common\Ini</Filter>
    </ClCompile>
    <ClCompile Include="..\..\Common\debug_tools\DebugMess.cpp">
      <Filter>Common\debug_tools</Filter>
    </ClCompile>
    <ClCompile Include="AppMess\App.cpp">
      <Filter>App</Filter>
    </ClCompile>
    <ClCompile Include="MessagesLog.cpp">
      <Filter>Source Files</Filter>
    </ClCompile>
  </ItemGroup>
  <ItemGroup>
    <ClInclude Include="stdafx.h">
      <Filter>Header Files</Filter>
    </ClInclude>
    <ClInclude Include="Resource.h">
      <Filter>Header Files</Filter>
    </ClInclude>
    <ClInclude Include="Windows\MainWindow.h">
      <Filter>Windows\MainWindow</Filter>
    </ClInclude>
    <ClInclude Include="Windows\MainWindowGrid.h">
      <Filter>Windows\MainWindow</Filter>
    </ClInclude>
    <ClInclude Include="Windows\MainWindowMenu.hpp">
      <Filter>Windows\MainWindow</Filter>
    </ClInclude>
    <ClInclude Include="..\Defectoscope\Log\LogBuffer.h">
      <Filter>Log</Filter>
    </ClInclude>
    <ClInclude Include="..\Defectoscope\Log\LogMessages.h">
      <Filter>Log</Filter>
    </ClInclude>
    <ClInclude Include="..\..\Common\window_tool\CheckBoxWidget.h">
      <Filter>Common\window_tool</Filter>
    </ClInclude>
    <ClInclude Include="..\..\Common\window_tool\DlgFiles.h">
      <Filter>Common\window_tool</Filter>
    </ClInclude>
    <ClInclude Include="..\..\Common\window_tool\Emptywindow.h">
      <Filter>Common\window_tool</Filter>
    </ClInclude>
    <ClInclude Include="..\..\Common\window_tool\Grid.h">
      <Filter>Common\window_tool</Filter>
    </ClInclude>
    <ClInclude Include="..\..\Common\window_tool\GridItems.h">
      <Filter>Common\window_tool</Filter>
    </ClInclude>
    <ClInclude Include="..\..\Common\window_tool\GridNotify.hpp">
      <Filter>Common\window_tool</Filter>
    </ClInclude>
    <ClInclude Include="..\..\Common\window_tool\InitToolbar.hpp">
      <Filter>Common\window_tool</Filter>
    </ClInclude>
    <ClInclude Include="..\..\Common\window_tool\InRect.h">
      <Filter>Common\window_tool</Filter>
    </ClInclude>
    <ClInclude Include="..\..\Common\window_tool\MenuAPI.h">
      <Filter>Common\window_tool</Filter>
    </ClInclude>
    <ClInclude Include="..\..\Common\window_tool\message.h">
      <Filter>Common\window_tool</Filter>
    </ClInclude>
    <ClInclude Include="..\..\Common\window_tool\Notify.h">
      <Filter>Common\window_tool</Filter>
    </ClInclude>
    <ClInclude Include="..\..\Common\window_tool\Pass.h">
      <Filter>Common\window_tool</Filter>
    </ClInclude>
    <ClInclude Include="..\..\Common\window_tool\TabWidgets.h">
      <Filter>Common\window_tool</Filter>
    </ClInclude>
    <ClInclude Include="..\..\Common\window_tool\ToolBarWidth.hpp">
      <Filter>Common\window_tool</Filter>
    </ClInclude>
    <ClInclude Include="..\..\Common\Ini\ItemIni.h">
      <Filter>Common\Ini</Filter>
    </ClInclude>
    <ClInclude Include="..\..\Common\Ini\WindowsPosition.h">
      <Filter>Common\Ini</Filter>
    </ClInclude>
    <ClInclude Include="..\..\Common\Base\Base.hpp">
      <Filter>Common\Base</Filter>
    </ClInclude>
    <ClInclude Include="..\..\Common\Base\ExpressBase.hpp">
      <Filter>Common\Base</Filter>
    </ClInclude>
    <ClInclude Include="..\..\Common\Base\tables.hpp">
      <Filter>Common\Base</Filter>
    </ClInclude>
    <ClInclude Include="..\..\Common\Base\TablesDefine.h">
      <Filter>Common\Base</Filter>
    </ClInclude>
    <ClInclude Include="..\..\Common\templates\typelist.hpp">
      <Filter>Common\templates</Filter>
    </ClInclude>
    <ClInclude Include="..\..\Common\debug_tools\DebugMess.h">
      <Filter>Common\debug_tools</Filter>
    </ClInclude>
    <ClInclude Include="Dlg\Dialogs.h">
      <Filter>Dlg</Filter>
    </ClInclude>
    <ClInclude Include="AppMess\App.h">
      <Filter>App</Filter>
    </ClInclude>
    <ClInclude Include="AppMess\config.h">
      <Filter>App</Filter>
    </ClInclude>
    <ClInclude Include="MessagesLog.h">
      <Filter>Source Files</Filter>
    </ClInclude>
  </ItemGroup>
  <ItemGroup>
    <ResourceCompile Include="Messages.rc">
      <Filter>Resource Files</Filter>
    </ResourceCompile>
  </ItemGroup>
</Project>